// !$*UTF8*$!
{
	archiveVersion = 1;
	classes = {
	};
	objectVersion = 46;
	objects = {

/* Begin PBXBuildFile section */
		8AFCC6FD1CC4868800E64330 /* AppDelegate.m in Sources */ = {isa = PBXBuildFile; fileRef = 8AFCC6FC1CC4868800E64330 /* AppDelegate.m */; };
		8AFCC7001CC4868800E64330 /* main.m in Sources */ = {isa = PBXBuildFile; fileRef = 8AFCC6FF1CC4868800E64330 /* main.m */; };
		8AFCC7021CC4868800E64330 /* Assets.xcassets in Resources */ = {isa = PBXBuildFile; fileRef = 8AFCC7011CC4868800E64330 /* Assets.xcassets */; };
		8AFCC7051CC4868800E64330 /* MainMenu.xib in Resources */ = {isa = PBXBuildFile; fileRef = 8AFCC7031CC4868800E64330 /* MainMenu.xib */; };
		8AFCC7101CC4868800E64330 /* LLRangeSliderDemoTests.m in Sources */ = {isa = PBXBuildFile; fileRef = 8AFCC70F1CC4868800E64330 /* LLRangeSliderDemoTests.m */; };
		8AFCC71B1CC4868800E64330 /* LLRangeSliderDemoUITests.m in Sources */ = {isa = PBXBuildFile; fileRef = 8AFCC71A1CC4868800E64330 /* LLRangeSliderDemoUITests.m */; };
		8AFCC73E1CC486FF00E64330 /* LLRangeSlider.m in Sources */ = {isa = PBXBuildFile; fileRef = 8AFCC7371CC486FF00E64330 /* LLRangeSlider.m */; };
		8AFCC73F1CC486FF00E64330 /* LLRangeSliderCellLayer.m in Sources */ = {isa = PBXBuildFile; fileRef = 8AFCC7391CC486FF00E64330 /* LLRangeSliderCellLayer.m */; };
		8AFCC7401CC486FF00E64330 /* LLRangeSliderTrackLayer.m in Sources */ = {isa = PBXBuildFile; fileRef = 8AFCC73B1CC486FF00E64330 /* LLRangeSliderTrackLayer.m */; };
		8AFCC7411CC486FF00E64330 /* NSBezierPath+TransformToCGPath.m in Sources */ = {isa = PBXBuildFile; fileRef = 8AFCC73D1CC486FF00E64330 /* NSBezierPath+TransformToCGPath.m */; };
/* End PBXBuildFile section */

/* Begin PBXContainerItemProxy section */
		8AFCC70C1CC4868800E64330 /* PBXContainerItemProxy */ = {
			isa = PBXContainerItemProxy;
			containerPortal = 8AFCC6F01CC4868800E64330 /* Project object */;
			proxyType = 1;
			remoteGlobalIDString = 8AFCC6F71CC4868800E64330;
			remoteInfo = LLRangeSliderDemo;
		};
		8AFCC7171CC4868800E64330 /* PBXContainerItemProxy */ = {
			isa = PBXContainerItemProxy;
			containerPortal = 8AFCC6F01CC4868800E64330 /* Project object */;
			proxyType = 1;
			remoteGlobalIDString = 8AFCC6F71CC4868800E64330;
			remoteInfo = LLRangeSliderDemo;
		};
/* End PBXContainerItemProxy section */

/* Begin PBXFileReference section */
		8AFCC6F81CC4868800E64330 /* LLRangeSliderDemo.app */ = {isa = PBXFileReference; explicitFileType = wrapper.application; includeInIndex = 0; path = LLRangeSliderDemo.app; sourceTree = BUILT_PRODUCTS_DIR; };
		8AFCC6FB1CC4868800E64330 /* AppDelegate.h */ = {isa = PBXFileReference; lastKnownFileType = sourcecode.c.h; path = AppDelegate.h; sourceTree = "<group>"; };
		8AFCC6FC1CC4868800E64330 /* AppDelegate.m */ = {isa = PBXFileReference; lastKnownFileType = sourcecode.c.objc; path = AppDelegate.m; sourceTree = "<group>"; };
		8AFCC6FF1CC4868800E64330 /* main.m */ = {isa = PBXFileReference; lastKnownFileType = sourcecode.c.objc; path = main.m; sourceTree = "<group>"; };
		8AFCC7011CC4868800E64330 /* Assets.xcassets */ = {isa = PBXFileReference; lastKnownFileType = folder.assetcatalog; path = Assets.xcassets; sourceTree = "<group>"; };
		8AFCC7041CC4868800E64330 /* Base */ = {isa = PBXFileReference; lastKnownFileType = file.xib; name = Base; path = Base.lproj/MainMenu.xib; sourceTree = "<group>"; };
		8AFCC7061CC4868800E64330 /* Info.plist */ = {isa = PBXFileReference; lastKnownFileType = text.plist.xml; path = Info.plist; sourceTree = "<group>"; };
		8AFCC70B1CC4868800E64330 /* LLRangeSliderDemoTests.xctest */ = {isa = PBXFileReference; explicitFileType = wrapper.cfbundle; includeInIndex = 0; path = LLRangeSliderDemoTests.xctest; sourceTree = BUILT_PRODUCTS_DIR; };
		8AFCC70F1CC4868800E64330 /* LLRangeSliderDemoTests.m */ = {isa = PBXFileReference; lastKnownFileType = sourcecode.c.objc; path = LLRangeSliderDemoTests.m; sourceTree = "<group>"; };
		8AFCC7111CC4868800E64330 /* Info.plist */ = {isa = PBXFileReference; lastKnownFileType = text.plist.xml; path = Info.plist; sourceTree = "<group>"; };
		8AFCC7161CC4868800E64330 /* LLRangeSliderDemoUITests.xctest */ = {isa = PBXFileReference; explicitFileType = wrapper.cfbundle; includeInIndex = 0; path = LLRangeSliderDemoUITests.xctest; sourceTree = BUILT_PRODUCTS_DIR; };
		8AFCC71A1CC4868800E64330 /* LLRangeSliderDemoUITests.m */ = {isa = PBXFileReference; lastKnownFileType = sourcecode.c.objc; path = LLRangeSliderDemoUITests.m; sourceTree = "<group>"; };
		8AFCC71C1CC4868800E64330 /* Info.plist */ = {isa = PBXFileReference; lastKnownFileType = text.plist.xml; path = Info.plist; sourceTree = "<group>"; };
		8AFCC7361CC486FF00E64330 /* LLRangeSlider.h */ = {isa = PBXFileReference; fileEncoding = 4; lastKnownFileType = sourcecode.c.h; path = LLRangeSlider.h; sourceTree = "<group>"; };
		8AFCC7371CC486FF00E64330 /* LLRangeSlider.m */ = {isa = PBXFileReference; fileEncoding = 4; lastKnownFileType = sourcecode.c.objc; path = LLRangeSlider.m; sourceTree = "<group>"; };
		8AFCC7381CC486FF00E64330 /* LLRangeSliderCellLayer.h */ = {isa = PBXFileReference; fileEncoding = 4; lastKnownFileType = sourcecode.c.h; path = LLRangeSliderCellLayer.h; sourceTree = "<group>"; };
		8AFCC7391CC486FF00E64330 /* LLRangeSliderCellLayer.m */ = {isa = PBXFileReference; fileEncoding = 4; lastKnownFileType = sourcecode.c.objc; path = LLRangeSliderCellLayer.m; sourceTree = "<group>"; };
		8AFCC73A1CC486FF00E64330 /* LLRangeSliderTrackLayer.h */ = {isa = PBXFileReference; fileEncoding = 4; lastKnownFileType = sourcecode.c.h; path = LLRangeSliderTrackLayer.h; sourceTree = "<group>"; };
		8AFCC73B1CC486FF00E64330 /* LLRangeSliderTrackLayer.m */ = {isa = PBXFileReference; fileEncoding = 4; lastKnownFileType = sourcecode.c.objc; path = LLRangeSliderTrackLayer.m; sourceTree = "<group>"; };
		8AFCC73C1CC486FF00E64330 /* NSBezierPath+TransformToCGPath.h */ = {isa = PBXFileReference; fileEncoding = 4; lastKnownFileType = sourcecode.c.h; path = "NSBezierPath+TransformToCGPath.h"; sourceTree = "<group>"; };
		8AFCC73D1CC486FF00E64330 /* NSBezierPath+TransformToCGPath.m */ = {isa = PBXFileReference; fileEncoding = 4; lastKnownFileType = sourcecode.c.objc; path = "NSBezierPath+TransformToCGPath.m"; sourceTree = "<group>"; };
/* End PBXFileReference section */

/* Begin PBXFrameworksBuildPhase section */
		8AFCC6F51CC4868800E64330 /* Frameworks */ = {
			isa = PBXFrameworksBuildPhase;
			buildActionMask = 2147483647;
			files = (
			);
			runOnlyForDeploymentPostprocessing = 0;
		};
		8AFCC7081CC4868800E64330 /* Frameworks */ = {
			isa = PBXFrameworksBuildPhase;
			buildActionMask = 2147483647;
			files = (
			);
			runOnlyForDeploymentPostprocessing = 0;
		};
		8AFCC7131CC4868800E64330 /* Frameworks */ = {
			isa = PBXFrameworksBuildPhase;
			buildActionMask = 2147483647;
			files = (
			);
			runOnlyForDeploymentPostprocessing = 0;
		};
/* End PBXFrameworksBuildPhase section */

/* Begin PBXGroup section */
		8AFCC6EF1CC4868800E64330 = {
			isa = PBXGroup;
			children = (
				8AFCC6FA1CC4868800E64330 /* LLRangeSliderDemo */,
				8AFCC70E1CC4868800E64330 /* LLRangeSliderDemoTests */,
				8AFCC7191CC4868800E64330 /* LLRangeSliderDemoUITests */,
				8AFCC6F91CC4868800E64330 /* Products */,
			);
			sourceTree = "<group>";
		};
		8AFCC6F91CC4868800E64330 /* Products */ = {
			isa = PBXGroup;
			children = (
				8AFCC6F81CC4868800E64330 /* LLRangeSliderDemo.app */,
				8AFCC70B1CC4868800E64330 /* LLRangeSliderDemoTests.xctest */,
				8AFCC7161CC4868800E64330 /* LLRangeSliderDemoUITests.xctest */,
			);
			name = Products;
			sourceTree = "<group>";
		};
		8AFCC6FA1CC4868800E64330 /* LLRangeSliderDemo */ = {
			isa = PBXGroup;
			children = (
				8AFCC7351CC486FF00E64330 /* LLRangeSlider */,
				8AFCC6FB1CC4868800E64330 /* AppDelegate.h */,
				8AFCC6FC1CC4868800E64330 /* AppDelegate.m */,
				8AFCC7011CC4868800E64330 /* Assets.xcassets */,
				8AFCC7031CC4868800E64330 /* MainMenu.xib */,
				8AFCC7061CC4868800E64330 /* Info.plist */,
				8AFCC6FE1CC4868800E64330 /* Supporting Files */,
			);
			path = LLRangeSliderDemo;
			sourceTree = "<group>";
		};
		8AFCC6FE1CC4868800E64330 /* Supporting Files */ = {
			isa = PBXGroup;
			children = (
				8AFCC6FF1CC4868800E64330 /* main.m */,
			);
			name = "Supporting Files";
			sourceTree = "<group>";
		};
		8AFCC70E1CC4868800E64330 /* LLRangeSliderDemoTests */ = {
			isa = PBXGroup;
			children = (
				8AFCC70F1CC4868800E64330 /* LLRangeSliderDemoTests.m */,
				8AFCC7111CC4868800E64330 /* Info.plist */,
			);
			path = LLRangeSliderDemoTests;
			sourceTree = "<group>";
		};
		8AFCC7191CC4868800E64330 /* LLRangeSliderDemoUITests */ = {
			isa = PBXGroup;
			children = (
				8AFCC71A1CC4868800E64330 /* LLRangeSliderDemoUITests.m */,
				8AFCC71C1CC4868800E64330 /* Info.plist */,
			);
			path = LLRangeSliderDemoUITests;
			sourceTree = "<group>";
		};
		8AFCC7351CC486FF00E64330 /* LLRangeSlider */ = {
			isa = PBXGroup;
			children = (
				8AFCC7361CC486FF00E64330 /* LLRangeSlider.h */,
				8AFCC7371CC486FF00E64330 /* LLRangeSlider.m */,
				8AFCC7381CC486FF00E64330 /* LLRangeSliderCellLayer.h */,
				8AFCC7391CC486FF00E64330 /* LLRangeSliderCellLayer.m */,
				8AFCC73A1CC486FF00E64330 /* LLRangeSliderTrackLayer.h */,
				8AFCC73B1CC486FF00E64330 /* LLRangeSliderTrackLayer.m */,
				8AFCC73C1CC486FF00E64330 /* NSBezierPath+TransformToCGPath.h */,
				8AFCC73D1CC486FF00E64330 /* NSBezierPath+TransformToCGPath.m */,
			);
			path = LLRangeSlider;
			sourceTree = "<group>";
		};
/* End PBXGroup section */

/* Begin PBXNativeTarget section */
		8AFCC6F71CC4868800E64330 /* LLRangeSliderDemo */ = {
			isa = PBXNativeTarget;
			buildConfigurationList = 8AFCC71F1CC4868800E64330 /* Build configuration list for PBXNativeTarget "LLRangeSliderDemo" */;
			buildPhases = (
				8AFCC6F41CC4868800E64330 /* Sources */,
				8AFCC6F51CC4868800E64330 /* Frameworks */,
				8AFCC6F61CC4868800E64330 /* Resources */,
			);
			buildRules = (
			);
			dependencies = (
			);
			name = LLRangeSliderDemo;
			productName = LLRangeSliderDemo;
			productReference = 8AFCC6F81CC4868800E64330 /* LLRangeSliderDemo.app */;
			productType = "com.apple.product-type.application";
		};
		8AFCC70A1CC4868800E64330 /* LLRangeSliderDemoTests */ = {
			isa = PBXNativeTarget;
			buildConfigurationList = 8AFCC7221CC4868800E64330 /* Build configuration list for PBXNativeTarget "LLRangeSliderDemoTests" */;
			buildPhases = (
				8AFCC7071CC4868800E64330 /* Sources */,
				8AFCC7081CC4868800E64330 /* Frameworks */,
				8AFCC7091CC4868800E64330 /* Resources */,
			);
			buildRules = (
			);
			dependencies = (
				8AFCC70D1CC4868800E64330 /* PBXTargetDependency */,
			);
			name = LLRangeSliderDemoTests;
			productName = LLRangeSliderDemoTests;
			productReference = 8AFCC70B1CC4868800E64330 /* LLRangeSliderDemoTests.xctest */;
			productType = "com.apple.product-type.bundle.unit-test";
		};
		8AFCC7151CC4868800E64330 /* LLRangeSliderDemoUITests */ = {
			isa = PBXNativeTarget;
			buildConfigurationList = 8AFCC7251CC4868800E64330 /* Build configuration list for PBXNativeTarget "LLRangeSliderDemoUITests" */;
			buildPhases = (
				8AFCC7121CC4868800E64330 /* Sources */,
				8AFCC7131CC4868800E64330 /* Frameworks */,
				8AFCC7141CC4868800E64330 /* Resources */,
			);
			buildRules = (
			);
			dependencies = (
				8AFCC7181CC4868800E64330 /* PBXTargetDependency */,
			);
			name = LLRangeSliderDemoUITests;
			productName = LLRangeSliderDemoUITests;
			productReference = 8AFCC7161CC4868800E64330 /* LLRangeSliderDemoUITests.xctest */;
			productType = "com.apple.product-type.bundle.ui-testing";
		};
/* End PBXNativeTarget section */

/* Begin PBXProject section */
		8AFCC6F01CC4868800E64330 /* Project object */ = {
			isa = PBXProject;
			attributes = {
				LastUpgradeCheck = 0710;
				ORGANIZATIONNAME = AnarL;
				TargetAttributes = {
					8AFCC6F71CC4868800E64330 = {
						CreatedOnToolsVersion = 7.1.1;
					};
					8AFCC70A1CC4868800E64330 = {
						CreatedOnToolsVersion = 7.1.1;
						TestTargetID = 8AFCC6F71CC4868800E64330;
					};
					8AFCC7151CC4868800E64330 = {
						CreatedOnToolsVersion = 7.1.1;
						TestTargetID = 8AFCC6F71CC4868800E64330;
					};
				};
			};
			buildConfigurationList = 8AFCC6F31CC4868800E64330 /* Build configuration list for PBXProject "LLRangeSliderDemo" */;
			compatibilityVersion = "Xcode 3.2";
			developmentRegion = English;
			hasScannedForEncodings = 0;
			knownRegions = (
				en,
				Base,
			);
			mainGroup = 8AFCC6EF1CC4868800E64330;
			productRefGroup = 8AFCC6F91CC4868800E64330 /* Products */;
			projectDirPath = "";
			projectRoot = "";
			targets = (
				8AFCC6F71CC4868800E64330 /* LLRangeSliderDemo */,
				8AFCC70A1CC4868800E64330 /* LLRangeSliderDemoTests */,
				8AFCC7151CC4868800E64330 /* LLRangeSliderDemoUITests */,
			);
		};
/* End PBXProject section */

/* Begin PBXResourcesBuildPhase section */
		8AFCC6F61CC4868800E64330 /* Resources */ = {
			isa = PBXResourcesBuildPhase;
			buildActionMask = 2147483647;
			files = (
				8AFCC7021CC4868800E64330 /* Assets.xcassets in Resources */,
				8AFCC7051CC4868800E64330 /* MainMenu.xib in Resources */,
			);
			runOnlyForDeploymentPostprocessing = 0;
		};
		8AFCC7091CC4868800E64330 /* Resources */ = {
			isa = PBXResourcesBuildPhase;
			buildActionMask = 2147483647;
			files = (
			);
			runOnlyForDeploymentPostprocessing = 0;
		};
		8AFCC7141CC4868800E64330 /* Resources */ = {
			isa = PBXResourcesBuildPhase;
			buildActionMask = 2147483647;
			files = (
			);
			runOnlyForDeploymentPostprocessing = 0;
		};
/* End PBXResourcesBuildPhase section */

/* Begin PBXSourcesBuildPhase section */
		8AFCC6F41CC4868800E64330 /* Sources */ = {
			isa = PBXSourcesBuildPhase;
			buildActionMask = 2147483647;
			files = (
				8AFCC7401CC486FF00E64330 /* LLRangeSliderTrackLayer.m in Sources */,
				8AFCC73F1CC486FF00E64330 /* LLRangeSliderCellLayer.m in Sources */,
				8AFCC7001CC4868800E64330 /* main.m in Sources */,
				8AFCC73E1CC486FF00E64330 /* LLRangeSlider.m in Sources */,
				8AFCC7411CC486FF00E64330 /* NSBezierPath+TransformToCGPath.m in Sources */,
				8AFCC6FD1CC4868800E64330 /* AppDelegate.m in Sources */,
			);
			runOnlyForDeploymentPostprocessing = 0;
		};
		8AFCC7071CC4868800E64330 /* Sources */ = {
			isa = PBXSourcesBuildPhase;
			buildActionMask = 2147483647;
			files = (
				8AFCC7101CC4868800E64330 /* LLRangeSliderDemoTests.m in Sources */,
			);
			runOnlyForDeploymentPostprocessing = 0;
		};
		8AFCC7121CC4868800E64330 /* Sources */ = {
			isa = PBXSourcesBuildPhase;
			buildActionMask = 2147483647;
			files = (
				8AFCC71B1CC4868800E64330 /* LLRangeSliderDemoUITests.m in Sources */,
			);
			runOnlyForDeploymentPostprocessing = 0;
		};
/* End PBXSourcesBuildPhase section */

/* Begin PBXTargetDependency section */
		8AFCC70D1CC4868800E64330 /* PBXTargetDependency */ = {
			isa = PBXTargetDependency;
			target = 8AFCC6F71CC4868800E64330 /* LLRangeSliderDemo */;
			targetProxy = 8AFCC70C1CC4868800E64330 /* PBXContainerItemProxy */;
		};
		8AFCC7181CC4868800E64330 /* PBXTargetDependency */ = {
			isa = PBXTargetDependency;
			target = 8AFCC6F71CC4868800E64330 /* LLRangeSliderDemo */;
			targetProxy = 8AFCC7171CC4868800E64330 /* PBXContainerItemProxy */;
		};
/* End PBXTargetDependency section */

/* Begin PBXVariantGroup section */
		8AFCC7031CC4868800E64330 /* MainMenu.xib */ = {
			isa = PBXVariantGroup;
			children = (
				8AFCC7041CC4868800E64330 /* Base */,
			);
			name = MainMenu.xib;
			sourceTree = "<group>";
		};
/* End PBXVariantGroup section */

/* Begin XCBuildConfiguration section */
		8AFCC71D1CC4868800E64330 /* Debug */ = {
			isa = XCBuildConfiguration;
			buildSettings = {
				ALWAYS_SEARCH_USER_PATHS = NO;
				CLANG_CXX_LANGUAGE_STANDARD = "gnu++0x";
				CLANG_CXX_LIBRARY = "libc++";
				CLANG_ENABLE_MODULES = YES;
				CLANG_ENABLE_OBJC_ARC = YES;
				CLANG_WARN_BOOL_CONVERSION = YES;
				CLANG_WARN_CONSTANT_CONVERSION = YES;
				CLANG_WARN_DIRECT_OBJC_ISA_USAGE = YES_ERROR;
				CLANG_WARN_EMPTY_BODY = YES;
				CLANG_WARN_ENUM_CONVERSION = YES;
				CLANG_WARN_INT_CONVERSION = YES;
				CLANG_WARN_OBJC_ROOT_CLASS = YES_ERROR;
				CLANG_WARN_UNREACHABLE_CODE = YES;
				CLANG_WARN__DUPLICATE_METHOD_MATCH = YES;
				CODE_SIGN_IDENTITY = "-";
				COPY_PHASE_STRIP = NO;
				DEBUG_INFORMATION_FORMAT = dwarf;
				ENABLE_STRICT_OBJC_MSGSEND = YES;
				ENABLE_TESTABILITY = YES;
				GCC_C_LANGUAGE_STANDARD = gnu99;
				GCC_DYNAMIC_NO_PIC = NO;
				GCC_NO_COMMON_BLOCKS = YES;
				GCC_OPTIMIZATION_LEVEL = 0;
				GCC_PREPROCESSOR_DEFINITIONS = (
					"DEBUG=1",
					"$(inherited)",
				);
				GCC_WARN_64_TO_32_BIT_CONVERSION = YES;
				GCC_WARN_ABOUT_RETURN_TYPE = YES_ERROR;
				GCC_WARN_UNDECLARED_SELECTOR = YES;
				GCC_WARN_UNINITIALIZED_AUTOS = YES_AGGRESSIVE;
				GCC_WARN_UNUSED_FUNCTION = YES;
				GCC_WARN_UNUSED_VARIABLE = YES;
				MACOSX_DEPLOYMENT_TARGET = 10.11;
				MTL_ENABLE_DEBUG_INFO = YES;
				ONLY_ACTIVE_ARCH = YES;
				SDKROOT = macosx;
			};
			name = Debug;
		};
		8AFCC71E1CC4868800E64330 /* Release */ = {
			isa = XCBuildConfiguration;
			buildSettings = {
				ALWAYS_SEARCH_USER_PATHS = NO;
				CLANG_CXX_LANGUAGE_STANDARD = "gnu++0x";
				CLANG_CXX_LIBRARY = "libc++";
				CLANG_ENABLE_MODULES = YES;
				CLANG_ENABLE_OBJC_ARC = YES;
				CLANG_WARN_BOOL_CONVERSION = YES;
				CLANG_WARN_CONSTANT_CONVERSION = YES;
				CLANG_WARN_DIRECT_OBJC_ISA_USAGE = YES_ERROR;
				CLANG_WARN_EMPTY_BODY = YES;
				CLANG_WARN_ENUM_CONVERSION = YES;
				CLANG_WARN_INT_CONVERSION = YES;
				CLANG_WARN_OBJC_ROOT_CLASS = YES_ERROR;
				CLANG_WARN_UNREACHABLE_CODE = YES;
				CLANG_WARN__DUPLICATE_METHOD_MATCH = YES;
				CODE_SIGN_IDENTITY = "-";
				COPY_PHASE_STRIP = NO;
				DEBUG_INFORMATION_FORMAT = "dwarf-with-dsym";
				ENABLE_NS_ASSERTIONS = NO;
				ENABLE_STRICT_OBJC_MSGSEND = YES;
				GCC_C_LANGUAGE_STANDARD = gnu99;
				GCC_NO_COMMON_BLOCKS = YES;
				GCC_WARN_64_TO_32_BIT_CONVERSION = YES;
				GCC_WARN_ABOUT_RETURN_TYPE = YES_ERROR;
				GCC_WARN_UNDECLARED_SELECTOR = YES;
				GCC_WARN_UNINITIALIZED_AUTOS = YES_AGGRESSIVE;
				GCC_WARN_UNUSED_FUNCTION = YES;
				GCC_WARN_UNUSED_VARIABLE = YES;
				MACOSX_DEPLOYMENT_TARGET = 10.11;
				MTL_ENABLE_DEBUG_INFO = NO;
				SDKROOT = macosx;
			};
			name = Release;
		};
		8AFCC7201CC4868800E64330 /* Debug */ = {
			isa = XCBuildConfiguration;
			buildSettings = {
				ASSETCATALOG_COMPILER_APPICON_NAME = AppIcon;
				COMBINE_HIDPI_IMAGES = YES;
				INFOPLIST_FILE = LLRangeSliderDemo/Info.plist;
				LD_RUNPATH_SEARCH_PATHS = "$(inherited) @executable_path/../Frameworks";
				PRODUCT_BUNDLE_IDENTIFIER = com.Digiarty.LLRangeSliderDemo;
				PRODUCT_NAME = "$(TARGET_NAME)";
			};
			name = Debug;
		};
		8AFCC7211CC4868800E64330 /* Release */ = {
			isa = XCBuildConfiguration;
			buildSettings = {
				ASSETCATALOG_COMPILER_APPICON_NAME = AppIcon;
				COMBINE_HIDPI_IMAGES = YES;
				INFOPLIST_FILE = LLRangeSliderDemo/Info.plist;
				LD_RUNPATH_SEARCH_PATHS = "$(inherited) @executable_path/../Frameworks";
				PRODUCT_BUNDLE_IDENTIFIER = com.Digiarty.LLRangeSliderDemo;
				PRODUCT_NAME = "$(TARGET_NAME)";
			};
			name = Release;
		};
		8AFCC7231CC4868800E64330 /* Debug */ = {
			isa = XCBuildConfiguration;
			buildSettings = {
				BUNDLE_LOADER = "$(TEST_HOST)";
				COMBINE_HIDPI_IMAGES = YES;
				INFOPLIST_FILE = LLRangeSliderDemoTests/Info.plist;
				LD_RUNPATH_SEARCH_PATHS = "$(inherited) @executable_path/../Frameworks @loader_path/../Frameworks";
				PRODUCT_BUNDLE_IDENTIFIER = com.Digiarty.LLRangeSliderDemoTests;
				PRODUCT_NAME = "$(TARGET_NAME)";
				TEST_HOST = "$(BUILT_PRODUCTS_DIR)/LLRangeSliderDemo.app/Contents/MacOS/LLRangeSliderDemo";
			};
			name = Debug;
		};
		8AFCC7241CC4868800E64330 /* Release */ = {
			isa = XCBuildConfiguration;
			buildSettings = {
				BUNDLE_LOADER = "$(TEST_HOST)";
				COMBINE_HIDPI_IMAGES = YES;
				INFOPLIST_FILE = LLRangeSliderDemoTests/Info.plist;
				LD_RUNPATH_SEARCH_PATHS = "$(inherited) @executable_path/../Frameworks @loader_path/../Frameworks";
				PRODUCT_BUNDLE_IDENTIFIER = com.Digiarty.LLRangeSliderDemoTests;
				PRODUCT_NAME = "$(TARGET_NAME)";
				TEST_HOST = "$(BUILT_PRODUCTS_DIR)/LLRangeSliderDemo.app/Contents/MacOS/LLRangeSliderDemo";
			};
			name = Release;
		};
		8AFCC7261CC4868800E64330 /* Debug */ = {
			isa = XCBuildConfiguration;
			buildSettings = {
				COMBINE_HIDPI_IMAGES = YES;
				INFOPLIST_FILE = LLRangeSliderDemoUITests/Info.plist;
				LD_RUNPATH_SEARCH_PATHS = "$(inherited) @executable_path/../Frameworks @loader_path/../Frameworks";
				PRODUCT_BUNDLE_IDENTIFIER = com.Digiarty.LLRangeSliderDemoUITests;
				PRODUCT_NAME = "$(TARGET_NAME)";
				TEST_TARGET_NAME = LLRangeSliderDemo;
				USES_XCTRUNNER = YES;
			};
			name = Debug;
		};
		8AFCC7271CC4868800E64330 /* Release */ = {
			isa = XCBuildConfiguration;
			buildSettings = {
				COMBINE_HIDPI_IMAGES = YES;
				INFOPLIST_FILE = LLRangeSliderDemoUITests/Info.plist;
				LD_RUNPATH_SEARCH_PATHS = "$(inherited) @executable_path/../Frameworks @loader_path/../Frameworks";
				PRODUCT_BUNDLE_IDENTIFIER = com.Digiarty.LLRangeSliderDemoUITests;
				PRODUCT_NAME = "$(TARGET_NAME)";
				TEST_TARGET_NAME = LLRangeSliderDemo;
				USES_XCTRUNNER = YES;
			};
			name = Release;
		};
/* End XCBuildConfiguration section */

/* Begin XCConfigurationList section */
		8AFCC6F31CC4868800E64330 /* Build configuration list for PBXProject "LLRangeSliderDemo" */ = {
			isa = XCConfigurationList;
			buildConfigurations = (
				8AFCC71D1CC4868800E64330 /* Debug */,
				8AFCC71E1CC4868800E64330 /* Release */,
			);
			defaultConfigurationIsVisible = 0;
			defaultConfigurationName = Release;
		};
		8AFCC71F1CC4868800E64330 /* Build configuration list for PBXNativeTarget "LLRangeSliderDemo" */ = {
			isa = XCConfigurationList;
			buildConfigurations = (
				8AFCC7201CC4868800E64330 /* Debug */,
				8AFCC7211CC4868800E64330 /* Release */,
			);
			defaultConfigurationIsVisible = 0;
		};
		8AFCC7221CC4868800E64330 /* Build configuration list for PBXNativeTarget "LLRangeSliderDemoTests" */ = {
			isa = XCConfigurationList;
			buildConfigurations = (
				8AFCC7231CC4868800E64330 /* Debug */,
				8AFCC7241CC4868800E64330 /* Release */,
			);
			defaultConfigurationIsVisible = 0;
		};
		8AFCC7251CC4868800E64330 /* Build configuration list for PBXNativeTarget "LLRangeSliderDemoUITests" */ = {
			isa = XCConfigurationList;
			buildConfigurations = (
				8AFCC7261CC4868800E64330 /* Debug */,
				8AFCC7271CC4868800E64330 /* Release */,
			);
			defaultConfigurationIsVisible = 0;
		};
/* End XCConfigurationList section */
	};
	rootObject = 8AFCC6F01CC4868800E64330 /* Project object */;
}
